
Microsoft Visual Studio Solution File, Format Version 12.00
# Visual Studio Express 14 for Windows Desktop
VisualStudioVersion = 14.0.25420.1
MinimumVisualStudioVersion = 10.0.40219.1
Project("{8BC9CEB8-8B4A-11D0-8D11-00A0C91BC942}") = "Tetris", "Tetris\Tetris.vcxproj", "{8323F6F2-99CF-4652-8348-3D6C54227046}"
	ProjectSection(ProjectDependencies) = postProject
		{145B5FFB-B482-4209-9969-82A1F22C0992} = {145B5FFB-B482-4209-9969-82A1F22C0992}
	EndProjectSection
EndProject
Project("{8BC9CEB8-8B4A-11D0-8D11-00A0C91BC942}") = "Tests", "Tests\Tests.vcxproj", "{AB3E04B6-736C-4791-A253-93F572E0BCD5}"
	ProjectSection(ProjectDependencies) = postProject
		{8323F6F2-99CF-4652-8348-3D6C54227046} = {8323F6F2-99CF-4652-8348-3D6C54227046}
	EndProjectSection
EndProject
Project("{8BC9CEB8-8B4A-11D0-8D11-00A0C91BC942}") = "MogeLib", "MogeLib\MogeLib.vcxproj", "{145B5FFB-B482-4209-9969-82A1F22C0992}"
EndProject
Project("{8BC9CEB8-8B4A-11D0-8D11-00A0C91BC942}") = "Argon", "Argon\Argon.vcxproj", "{CEA4E094-E37F-4C68-9AB5-046899B7960F}"
	ProjectSection(ProjectDependencies) = postProject
		{145B5FFB-B482-4209-9969-82A1F22C0992} = {145B5FFB-B482-4209-9969-82A1F22C0992}
	EndProjectSection
EndProject
Global
	GlobalSection(SolutionConfigurationPlatforms) = preSolution
		Debug|Win32 = Debug|Win32
		Debug|x64 = Debug|x64
		Release|Win32 = Release|Win32
		Release|x64 = Release|x64
	EndGlobalSection
	GlobalSection(ProjectConfigurationPlatforms) = postSolution
		{8323F6F2-99CF-4652-8348-3D6C54227046}.Debug|Win32.ActiveCfg = Debug|Win32
		{8323F6F2-99CF-4652-8348-3D6C54227046}.Debug|Win32.Build.0 = Debug|Win32
		{8323F6F2-99CF-4652-8348-3D6C54227046}.Debug|x64.ActiveCfg = Debug|x64
		{8323F6F2-99CF-4652-8348-3D6C54227046}.Debug|x64.Build.0 = Debug|x64
		{8323F6F2-99CF-4652-8348-3D6C54227046}.Release|Win32.ActiveCfg = Release|Win32
		{8323F6F2-99CF-4652-8348-3D6C54227046}.Release|Win32.Build.0 = Release|Win32
		{8323F6F2-99CF-4652-8348-3D6C54227046}.Release|x64.ActiveCfg = Release|x64
		{8323F6F2-99CF-4652-8348-3D6C54227046}.Release|x64.Build.0 = Release|x64
		{AB3E04B6-736C-4791-A253-93F572E0BCD5}.Debug|Win32.ActiveCfg = Debug|Win32
		{AB3E04B6-736C-4791-A253-93F572E0BCD5}.Debug|Win32.Build.0 = Debug|Win32
		{AB3E04B6-736C-4791-A253-93F572E0BCD5}.Debug|x64.ActiveCfg = Debug|x64
		{AB3E04B6-736C-4791-A253-93F572E0BCD5}.Debug|x64.Build.0 = Debug|x64
		{AB3E04B6-736C-4791-A253-93F572E0BCD5}.Release|Win32.ActiveCfg = Release|Win32
		{AB3E04B6-736C-4791-A253-93F572E0BCD5}.Release|Win32.Build.0 = Release|Win32
		{AB3E04B6-736C-4791-A253-93F572E0BCD5}.Release|x64.ActiveCfg = Release|x64
		{AB3E04B6-736C-4791-A253-93F572E0BCD5}.Release|x64.Build.0 = Release|x64
		{145B5FFB-B482-4209-9969-82A1F22C0992}.Debug|Win32.ActiveCfg = Debug|Win32
		{145B5FFB-B482-4209-9969-82A1F22C0992}.Debug|Win32.Build.0 = Debug|Win32
		{145B5FFB-B482-4209-9969-82A1F22C0992}.Debug|x64.ActiveCfg = Debug|x64
		{145B5FFB-B482-4209-9969-82A1F22C0992}.Debug|x64.Build.0 = Debug|x64
		{145B5FFB-B482-4209-9969-82A1F22C0992}.Release|Win32.ActiveCfg = Release|Win32
		{145B5FFB-B482-4209-9969-82A1F22C0992}.Release|Win32.Build.0 = Release|Win32
		{145B5FFB-B482-4209-9969-82A1F22C0992}.Release|x64.ActiveCfg = Release|x64
		{145B5FFB-B482-4209-9969-82A1F22C0992}.Release|x64.Build.0 = Release|x64
		{CEA4E094-E37F-4C68-9AB5-046899B7960F}.Debug|Win32.ActiveCfg = Debug|Win32
		{CEA4E094-E37F-4C68-9AB5-046899B7960F}.Debug|Win32.Build.0 = Debug|Win32
		{CEA4E094-E37F-4C68-9AB5-046899B7960F}.Debug|x64.ActiveCfg = Debug|x64
		{CEA4E094-E37F-4C68-9AB5-046899B7960F}.Debug|x64.Build.0 = Debug|x64
		{CEA4E094-E37F-4C68-9AB5-046899B7960F}.Release|Win32.ActiveCfg = Release|Win32
		{CEA4E094-E37F-4C68-9AB5-046899B7960F}.Release|Win32.Build.0 = Release|Win32
		{CEA4E094-E37F-4C68-9AB5-046899B7960F}.Release|x64.ActiveCfg = Release|x64
		{CEA4E094-E37F-4C68-9AB5-046899B7960F}.Release|x64.Build.0 = Release|x64
	EndGlobalSection
	GlobalSection(SolutionProperties) = preSolution
		HideSolutionNode = FALSE
	EndGlobalSection
EndGlobal
