<?xml version="1.0" encoding="utf-8"?>
<Project ToolsVersion="4.0" xmlns="http://schemas.microsoft.com/developer/msbuild/2003">
  <ItemGroup>
    <Filter Include="Source Files">
      <UniqueIdentifier>{4FC737F1-C7A5-4376-A066-2A32D752A2FF}</UniqueIdentifier>
      <Extensions>cpp;c;cc;cxx;def;odl;idl;hpj;bat;asm;asmx</Extensions>
    </Filter>
    <Filter Include="Header Files">
      <UniqueIdentifier>{93995380-89BD-4b04-88EB-625FBE52EBFB}</UniqueIdentifier>
      <Extensions>h;hh;hpp;hxx;hm;inl;inc;xsd</Extensions>
    </Filter>
    <Filter Include="Resource Files">
      <UniqueIdentifier>{67DA6AB6-F800-4c08-8B7A-83BB121AAD01}</UniqueIdentifier>
      <Extensions>rc;ico;cur;bmp;dlg;rc2;rct;bin;rgs;gif;jpg;jpeg;jpe;resx;tiff;tif;png;wav;mfcribbon-ms</Extensions>
    </Filter>
    <Filter Include="FileSystem">
      <UniqueIdentifier>{1b2e731d-422c-4a40-85e3-37717afe3dd1}</UniqueIdentifier>
    </Filter>
    <Filter Include="Tests">
      <UniqueIdentifier>{23fa66a5-e7b3-42eb-9ad1-ffa5a67e5f18}</UniqueIdentifier>
    </Filter>
    <Filter Include="Tests\Generic">
      <UniqueIdentifier>{4e3742ae-c784-482f-a685-ea03503fea05}</UniqueIdentifier>
    </Filter>
    <Filter Include="Tests\Name">
      <UniqueIdentifier>{4282f525-5418-48b3-a15a-e3faf8e7e78b}</UniqueIdentifier>
    </Filter>
    <Filter Include="ImageFactory">
      <UniqueIdentifier>{70d109fc-2828-4db0-a1f7-37702921199f}</UniqueIdentifier>
    </Filter>
    <Filter Include="Tests\Matrix">
      <UniqueIdentifier>{ac755291-68a7-4be2-94a7-a0e281b36683}</UniqueIdentifier>
    </Filter>
    <Filter Include="Tests\Engine">
      <UniqueIdentifier>{45382f77-1bd7-4852-8784-cf1c55482e23}</UniqueIdentifier>
    </Filter>
    <Filter Include="Tests\Engine\Node">
      <UniqueIdentifier>{39f3cf1a-97b0-402e-b7f9-fbf7b771ed6c}</UniqueIdentifier>
    </Filter>
    <Filter Include="Tests\Engine\NodeCreator">
      <UniqueIdentifier>{d9ccca2f-8a11-45d7-91fb-f509c87d5938}</UniqueIdentifier>
    </Filter>
  </ItemGroup>
  <ItemGroup>
    <ClCompile Include="main.cpp">
      <Filter>Source Files</Filter>
    </ClCompile>
    <ClCompile Include="src\MogeGenericTests.cpp">
      <Filter>Tests\Generic</Filter>
    </ClCompile>
    <ClCompile Include="src\FilesystemTests.cpp">
      <Filter>FileSystem</Filter>
    </ClCompile>
    <ClCompile Include="src\NodeTests.cpp">
      <Filter>Tests\Engine\Node</Filter>
    </ClCompile>
    <ClCompile Include="src\NameTests.cpp">
      <Filter>Tests\Name</Filter>
    </ClCompile>
    <ClCompile Include="src\ImageCreatorTests.cpp">
      <Filter>ImageFactory</Filter>
    </ClCompile>
    <ClCompile Include="src\NodeCreatorTests.cpp">
      <Filter>Tests\Engine\NodeCreator</Filter>
    </ClCompile>
    <ClCompile Include="src\ObjectNodeTests.cpp">
      <Filter>Tests\Engine\Node</Filter>
    </ClCompile>
    <ClCompile Include="src\MatrixTests.cpp">
      <Filter>Tests\Matrix</Filter>
    </ClCompile>
    <ClCompile Include="src\EngineTests.cpp">
      <Filter>Source Files</Filter>
    </ClCompile>
  </ItemGroup>
  <ItemGroup>
    <ClInclude Include="inc\MogeGenericTests.h">
      <Filter>Tests\Generic</Filter>
    </ClInclude>
    <ClInclude Include="inc\FilesystemTests.h">
      <Filter>FileSystem</Filter>
    </ClInclude>
    <ClInclude Include="inc\NodeTests.h">
      <Filter>Tests\Engine\Node</Filter>
    </ClInclude>
    <ClInclude Include="inc\NameTests.h">
      <Filter>Tests\Name</Filter>
    </ClInclude>
    <ClInclude Include="inc\ImageCreatorTests.h">
      <Filter>ImageFactory</Filter>
    </ClInclude>
    <ClInclude Include="inc\ObjectNodeTests.h">
      <Filter>Tests\Engine\Node</Filter>
    </ClInclude>
    <ClInclude Include="inc\NodeCreatorTests.h">
      <Filter>Tests\Engine\NodeCreator</Filter>
    </ClInclude>
    <ClInclude Include="inc\MatrixTests.h">
      <Filter>Tests\Matrix</Filter>
    </ClInclude>
    <ClInclude Include="inc\EngineTests.h">
      <Filter>Header Files</Filter>
    </ClInclude>
  </ItemGroup>
</Project>