<?xml version="1.0" encoding="utf-8"?>
<Project ToolsVersion="4.0" xmlns="http://schemas.microsoft.com/developer/msbuild/2003">
  <ItemGroup>
    <Filter Include="Source Files">
      <UniqueIdentifier>{4FC737F1-C7A5-4376-A066-2A32D752A2FF}</UniqueIdentifier>
      <Extensions>cpp;c;cc;cxx;def;odl;idl;hpj;bat;asm;asmx</Extensions>
    </Filter>
    <Filter Include="Header Files">
      <UniqueIdentifier>{93995380-89BD-4b04-88EB-625FBE52EBFB}</UniqueIdentifier>
      <Extensions>h;hh;hpp;hxx;hm;inl;inc;xsd</Extensions>
    </Filter>
    <Filter Include="Resource Files">
      <UniqueIdentifier>{67DA6AB6-F800-4c08-8B7A-83BB121AAD01}</UniqueIdentifier>
      <Extensions>rc;ico;cur;bmp;dlg;rc2;rct;bin;rgs;gif;jpg;jpeg;jpe;resx;tiff;tif;png;wav;mfcribbon-ms</Extensions>
    </Filter>
    <Filter Include="RenderableObject">
      <UniqueIdentifier>{ce159ea6-fc81-4b19-a38e-13e50e0b2e10}</UniqueIdentifier>
    </Filter>
    <Filter Include="Scene">
      <UniqueIdentifier>{4b26329d-0993-47c6-b4e0-a258f8c5db08}</UniqueIdentifier>
    </Filter>
  </ItemGroup>
  <ItemGroup>
    <ClInclude Include="inc\ConsoleUtilities.h">
      <Filter>Header Files</Filter>
    </ClInclude>
    <ClInclude Include="inc\Engine.h">
      <Filter>Header Files</Filter>
    </ClInclude>
    <ClInclude Include="inc\FileSystem.h">
      <Filter>Header Files</Filter>
    </ClInclude>
    <ClInclude Include="inc\KeyboardObservable.h">
      <Filter>Header Files</Filter>
    </ClInclude>
    <ClInclude Include="inc\Named.h">
      <Filter>Header Files</Filter>
    </ClInclude>
    <ClInclude Include="inc\Node.h">
      <Filter>Header Files</Filter>
    </ClInclude>
    <ClInclude Include="inc\NodeImageCreator.h">
      <Filter>Header Files</Filter>
    </ClInclude>
    <ClInclude Include="inc\NodeMgr.h">
      <Filter>Header Files</Filter>
    </ClInclude>
    <ClInclude Include="inc\ObjectNode.h">
      <Filter>Header Files</Filter>
    </ClInclude>
    <ClInclude Include="inc\ScreenNode.h">
      <Filter>Header Files</Filter>
    </ClInclude>
    <ClInclude Include="inc\Singleton.h">
      <Filter>Header Files</Filter>
    </ClInclude>
    <ClInclude Include="inc\Size.h">
      <Filter>Header Files</Filter>
    </ClInclude>
    <ClInclude Include="inc\SurfaceWrapper.h">
      <Filter>Header Files</Filter>
    </ClInclude>
    <ClInclude Include="inc\Visible.h">
      <Filter>Header Files</Filter>
    </ClInclude>
    <ClInclude Include="inc\MTime.h">
      <Filter>Header Files</Filter>
    </ClInclude>
    <ClInclude Include="RenderableObject\inc\RenderableObjectContainer.h">
      <Filter>RenderableObject</Filter>
    </ClInclude>
    <ClInclude Include="RenderableObject\src\RenderableObjectContainerImpl.h">
      <Filter>RenderableObject</Filter>
    </ClInclude>
    <ClInclude Include="inc\MogeLib.h">
      <Filter>Header Files</Filter>
    </ClInclude>
    <ClInclude Include="inc\IVector.h">
      <Filter>Header Files</Filter>
    </ClInclude>
    <ClInclude Include="inc\Scale.h">
      <Filter>Header Files</Filter>
    </ClInclude>
    <ClInclude Include="inc\IObservable.h">
      <Filter>Header Files</Filter>
    </ClInclude>
    <ClInclude Include="inc\IObserver.h">
      <Filter>Header Files</Filter>
    </ClInclude>
    <ClInclude Include="inc\IObservableData.h">
      <Filter>Header Files</Filter>
    </ClInclude>
    <ClInclude Include="inc\KeyboardData.h">
      <Filter>Header Files</Filter>
    </ClInclude>
    <ClInclude Include="src\IObservableImpl.h">
      <Filter>Header Files</Filter>
    </ClInclude>
    <ClInclude Include="RenderableObject\RenderableObjectContainer.h">
      <Filter>RenderableObject</Filter>
    </ClInclude>
    <ClInclude Include="RenderableObject\RenderableObjectContainerImpl.h">
      <Filter>RenderableObject</Filter>
    </ClInclude>
    <ClInclude Include="Scene\Scene.h">
      <Filter>Scene</Filter>
    </ClInclude>
    <ClInclude Include="Scene\SceneImpl.h">
      <Filter>Scene</Filter>
    </ClInclude>
    <ClInclude Include="inc\MogeLibMain.h">
      <Filter>Header Files</Filter>
    </ClInclude>
    <ClInclude Include="src\KeySDL.h">
      <Filter>Source Files</Filter>
    </ClInclude>
    <ClInclude Include="inc\IKey.h">
      <Filter>Header Files</Filter>
    </ClInclude>
    <ClInclude Include="inc\IEngine.h">
      <Filter>Header Files</Filter>
    </ClInclude>
    <ClInclude Include="inc\IKeyFactory.h">
      <Filter>Header Files</Filter>
    </ClInclude>
    <ClInclude Include="inc\INodeCreator.h">
      <Filter>Header Files</Filter>
    </ClInclude>
    <ClInclude Include="inc\KeyFactorySDL.h">
      <Filter>Header Files</Filter>
    </ClInclude>
    <ClInclude Include="inc\PointFactory.h">
      <Filter>Header Files</Filter>
    </ClInclude>
    <ClInclude Include="inc\IKeyboardObserver.h">
      <Filter>Header Files</Filter>
    </ClInclude>
    <ClInclude Include="inc\IKeyboardObservable.h">
      <Filter>Header Files</Filter>
    </ClInclude>
    <ClInclude Include="inc\IMogeApp.h">
      <Filter>Header Files</Filter>
    </ClInclude>
    <ClInclude Include="src\IKeyboardData.h">
      <Filter>Source Files</Filter>
    </ClInclude>
    <ClInclude Include="inc\INodeFactory.h">
      <Filter>Header Files</Filter>
    </ClInclude>
    <ClInclude Include="inc\NodeFactoryRegular.h">
      <Filter>Header Files</Filter>
    </ClInclude>
  </ItemGroup>
  <ItemGroup>
    <ClCompile Include="src\ConsoleUtilities.cpp">
      <Filter>Source Files</Filter>
    </ClCompile>
    <ClCompile Include="src\Engine.cpp">
      <Filter>Source Files</Filter>
    </ClCompile>
    <ClCompile Include="src\FileSystem.cpp">
      <Filter>Source Files</Filter>
    </ClCompile>
    <ClCompile Include="src\KeyboardObservable.cpp">
      <Filter>Source Files</Filter>
    </ClCompile>
    <ClCompile Include="src\Named.cpp">
      <Filter>Source Files</Filter>
    </ClCompile>
    <ClCompile Include="src\Node.cpp">
      <Filter>Source Files</Filter>
    </ClCompile>
    <ClCompile Include="src\NodeImageCreator.cpp">
      <Filter>Source Files</Filter>
    </ClCompile>
    <ClCompile Include="src\NodeMgr.cpp">
      <Filter>Source Files</Filter>
    </ClCompile>
    <ClCompile Include="src\ObjectNode.cpp">
      <Filter>Source Files</Filter>
    </ClCompile>
    <ClCompile Include="src\ScreenNode.cpp">
      <Filter>Source Files</Filter>
    </ClCompile>
    <ClCompile Include="src\Singleton.cpp">
      <Filter>Source Files</Filter>
    </ClCompile>
    <ClCompile Include="src\Size.cpp">
      <Filter>Source Files</Filter>
    </ClCompile>
    <ClCompile Include="src\SurfaceWrapper.cpp">
      <Filter>Source Files</Filter>
    </ClCompile>
    <ClCompile Include="src\Visible.cpp">
      <Filter>Source Files</Filter>
    </ClCompile>
    <ClCompile Include="src\MTime.cpp">
      <Filter>Source Files</Filter>
    </ClCompile>
    <ClCompile Include="src\Scale.cpp">
      <Filter>Source Files</Filter>
    </ClCompile>
    <ClCompile Include="src\KeyboardData.cpp">
      <Filter>Source Files</Filter>
    </ClCompile>
    <ClCompile Include="src\IObservable.cpp">
      <Filter>Source Files</Filter>
    </ClCompile>
    <ClCompile Include="src\IObservableImpl.cpp">
      <Filter>Source Files</Filter>
    </ClCompile>
    <ClCompile Include="RenderableObject\RenderableObjectContainer.cpp">
      <Filter>RenderableObject</Filter>
    </ClCompile>
    <ClCompile Include="RenderableObject\RenderableObjectContainerImpl.cpp">
      <Filter>RenderableObject</Filter>
    </ClCompile>
    <ClCompile Include="Scene\Scene.cpp">
      <Filter>Scene</Filter>
    </ClCompile>
    <ClCompile Include="Scene\SceneImpl.cpp">
      <Filter>Scene</Filter>
    </ClCompile>
    <ClCompile Include="src\MogeLibMain.cpp">
      <Filter>Source Files</Filter>
    </ClCompile>
    <ClCompile Include="src\IObservableData.cpp">
      <Filter>Source Files</Filter>
    </ClCompile>
    <ClCompile Include="src\KeySDL.cpp">
      <Filter>Source Files</Filter>
    </ClCompile>
    <ClCompile Include="src\IKey.cpp">
      <Filter>Source Files</Filter>
    </ClCompile>
    <ClCompile Include="src\INodeCreator.cpp">
      <Filter>Source Files</Filter>
    </ClCompile>
    <ClCompile Include="src\KeyFactorySDL.cpp">
      <Filter>Source Files</Filter>
    </ClCompile>
    <ClCompile Include="src\IKeyFactory.cpp">
      <Filter>Source Files</Filter>
    </ClCompile>
    <ClCompile Include="src\IKeyboardObserver.cpp">
      <Filter>Source Files</Filter>
    </ClCompile>
    <ClCompile Include="src\IKeyboardObservable.cpp">
      <Filter>Source Files</Filter>
    </ClCompile>
    <ClCompile Include="src\IMogeApp.cpp">
      <Filter>Source Files</Filter>
    </ClCompile>
    <ClCompile Include="src\INodeFactory.cpp">
      <Filter>Source Files</Filter>
    </ClCompile>
    <ClCompile Include="src\NodeFactoryRegular.cpp">
      <Filter>Source Files</Filter>
    </ClCompile>
  </ItemGroup>
</Project>