<?xml version="1.0" encoding="utf-8"?>
<Project ToolsVersion="4.0" xmlns="http://schemas.microsoft.com/developer/msbuild/2003">
  <ItemGroup>
    <Filter Include="Source Files">
      <UniqueIdentifier>{4FC737F1-C7A5-4376-A066-2A32D752A2FF}</UniqueIdentifier>
      <Extensions>cpp;c;cc;cxx;def;odl;idl;hpj;bat;asm;asmx</Extensions>
    </Filter>
    <Filter Include="Header Files">
      <UniqueIdentifier>{93995380-89BD-4b04-88EB-625FBE52EBFB}</UniqueIdentifier>
      <Extensions>h;hh;hpp;hxx;hm;inl;inc;xsd</Extensions>
    </Filter>
    <Filter Include="Resource Files">
      <UniqueIdentifier>{67DA6AB6-F800-4c08-8B7A-83BB121AAD01}</UniqueIdentifier>
      <Extensions>rc;ico;cur;bmp;dlg;rc2;rct;bin;rgs;gif;jpg;jpeg;jpe;resx;tiff;tif;png;wav;mfcribbon-ms</Extensions>
    </Filter>
    <Filter Include="RenderableObject">
      <UniqueIdentifier>{ce159ea6-fc81-4b19-a38e-13e50e0b2e10}</UniqueIdentifier>
    </Filter>
    <Filter Include="Scene">
      <UniqueIdentifier>{4b26329d-0993-47c6-b4e0-a258f8c5db08}</UniqueIdentifier>
    </Filter>
    <Filter Include="Header Files\Math">
      <UniqueIdentifier>{4c8a0ec0-d036-4130-b009-f5276abeae21}</UniqueIdentifier>
    </Filter>
  </ItemGroup>
  <ItemGroup>
    <ClInclude Include="inc\Math\Frustum.h">
      <Filter>Header Files\Math</Filter>
    </ClInclude>
    <ClInclude Include="inc\Math\IPosition.h">
      <Filter>Header Files\Math</Filter>
    </ClInclude>
    <ClInclude Include="inc\Math\IPositionAdapter.h">
      <Filter>Header Files\Math</Filter>
    </ClInclude>
    <ClInclude Include="inc\Math\ISize.h">
      <Filter>Header Files\Math</Filter>
    </ClInclude>
    <ClInclude Include="inc\Math\Line.h">
      <Filter>Header Files\Math</Filter>
    </ClInclude>
    <ClInclude Include="inc\Math\Matrix2D.hpp">
      <Filter>Header Files\Math</Filter>
    </ClInclude>
    <ClInclude Include="inc\Math\MultiPoint.h">
      <Filter>Header Files\Math</Filter>
    </ClInclude>
    <ClInclude Include="inc\Math\MultiPointFactory.h">
      <Filter>Header Files\Math</Filter>
    </ClInclude>
    <ClInclude Include="inc\Math\Quaternion.h">
      <Filter>Header Files\Math</Filter>
    </ClInclude>
    <ClInclude Include="inc\Math\Rectangle.h">
      <Filter>Header Files\Math</Filter>
    </ClInclude>
    <ClInclude Include="inc\Math\Segment.h">
      <Filter>Header Files\Math</Filter>
    </ClInclude>
    <ClInclude Include="inc\Math\SquareMatrix2D.hpp">
      <Filter>Header Files\Math</Filter>
    </ClInclude>
    <ClInclude Include="inc\Math\Axis.h">
      <Filter>Header Files\Math</Filter>
    </ClInclude>
    <ClInclude Include="inc\Math\Vector3DFactory.h">
      <Filter>Header Files\Math</Filter>
    </ClInclude>
    <ClInclude Include="inc\IVector.h">
      <Filter>Header Files\Math</Filter>
    </ClInclude>
    <ClInclude Include="inc\Math\IPositionFactory.h">
      <Filter>Header Files\Math</Filter>
    </ClInclude>
    <ClInclude Include="inc\Math\PositionDouble3D.h">
      <Filter>Header Files\Math</Filter>
    </ClInclude>
    <ClInclude Include="inc\Math\SizeDouble3D.h">
      <Filter>Header Files\Math</Filter>
    </ClInclude>
    <ClInclude Include="inc\ConsoleUtilities.h">
      <Filter>Header Files</Filter>
    </ClInclude>
    <ClInclude Include="inc\Visible.h">
      <Filter>Header Files</Filter>
    </ClInclude>
    <ClInclude Include="inc\MyString.h">
      <Filter>Header Files</Filter>
    </ClInclude>
    <ClInclude Include="inc\Math\Size.h">
      <Filter>Header Files\Math</Filter>
    </ClInclude>
    <ClInclude Include="inc\Math\IVector.h">
      <Filter>Header Files\Math</Filter>
    </ClInclude>
    <ClInclude Include="inc\Path.h">
      <Filter>Header Files</Filter>
    </ClInclude>
    <ClInclude Include="inc\Engine.h">
      <Filter>Header Files</Filter>
    </ClInclude>
    <ClInclude Include="inc\File.h">
      <Filter>Header Files</Filter>
    </ClInclude>
    <ClInclude Include="inc\IEngine.h">
      <Filter>Header Files</Filter>
    </ClInclude>
    <ClInclude Include="inc\IKey.h">
      <Filter>Header Files</Filter>
    </ClInclude>
    <ClInclude Include="inc\IKeyboardObservable.h">
      <Filter>Header Files</Filter>
    </ClInclude>
    <ClInclude Include="inc\IKeyboardObserver.h">
      <Filter>Header Files</Filter>
    </ClInclude>
    <ClInclude Include="inc\IMogeApp.h">
      <Filter>Header Files</Filter>
    </ClInclude>
    <ClInclude Include="inc\INodeCreator.h">
      <Filter>Header Files</Filter>
    </ClInclude>
    <ClInclude Include="inc\INodeFactory.h">
      <Filter>Header Files</Filter>
    </ClInclude>
    <ClInclude Include="inc\IObservable.h">
      <Filter>Header Files</Filter>
    </ClInclude>
    <ClInclude Include="inc\IObservableData.h">
      <Filter>Header Files</Filter>
    </ClInclude>
    <ClInclude Include="inc\IObserver.h">
      <Filter>Header Files</Filter>
    </ClInclude>
    <ClInclude Include="inc\IRenderable.h">
      <Filter>Header Files</Filter>
    </ClInclude>
    <ClInclude Include="inc\IRenderer.h">
      <Filter>Header Files</Filter>
    </ClInclude>
    <ClInclude Include="inc\ITexture.h">
      <Filter>Header Files</Filter>
    </ClInclude>
    <ClInclude Include="inc\ITextureFactory.h">
      <Filter>Header Files</Filter>
    </ClInclude>
    <ClInclude Include="inc\KeyboardData.h">
      <Filter>Header Files</Filter>
    </ClInclude>
    <ClInclude Include="inc\MogeLib.h">
      <Filter>Header Files</Filter>
    </ClInclude>
    <ClInclude Include="inc\MogeLibMain.h">
      <Filter>Header Files</Filter>
    </ClInclude>
    <ClInclude Include="inc\Named.h">
      <Filter>Header Files</Filter>
    </ClInclude>
    <ClInclude Include="inc\Scale.h">
      <Filter>Header Files</Filter>
    </ClInclude>
    <ClInclude Include="inc\Singleton.h">
      <Filter>Header Files</Filter>
    </ClInclude>
    <ClInclude Include="inc\TextureFactory.h">
      <Filter>Header Files</Filter>
    </ClInclude>
    <ClInclude Include="src\IKeyboardData.h">
      <Filter>Source Files</Filter>
    </ClInclude>
    <ClInclude Include="src\IKeyboardObservableImp.h">
      <Filter>Source Files</Filter>
    </ClInclude>
    <ClInclude Include="src\IObservableImpl.h">
      <Filter>Source Files</Filter>
    </ClInclude>
    <ClInclude Include="src\KeySDL.h">
      <Filter>Source Files</Filter>
    </ClInclude>
    <ClInclude Include="inc\IRenderer2D.h">
      <Filter>Header Files</Filter>
    </ClInclude>
    <ClInclude Include="inc\IRenderer3D.h">
      <Filter>Header Files</Filter>
    </ClInclude>
    <ClInclude Include="inc\ITextureFactory2D.h">
      <Filter>Header Files</Filter>
    </ClInclude>
    <ClInclude Include="inc\ITextureFactory3D.h">
      <Filter>Header Files</Filter>
    </ClInclude>
    <ClInclude Include="inc\SupportedRenderersList.h">
      <Filter>Header Files</Filter>
    </ClInclude>
    <ClInclude Include="inc\TextureSDL.h">
      <Filter>Header Files</Filter>
    </ClInclude>
    <ClInclude Include="inc\Math\SizeInt2D.h">
      <Filter>Header Files\Math</Filter>
    </ClInclude>
    <ClInclude Include="inc\Math\SizeUInt2D.h">
      <Filter>Header Files\Math</Filter>
    </ClInclude>
    <ClInclude Include="src\RenderableSDLTexture.h">
      <Filter>Source Files</Filter>
    </ClInclude>
    <ClInclude Include="inc\RenderableTypes.h">
      <Filter>Header Files</Filter>
    </ClInclude>
    <ClInclude Include="inc\Math\PositionDouble2D.h">
      <Filter>Header Files\Math</Filter>
    </ClInclude>
    <ClInclude Include="inc\Math\SizeDouble2D.h">
      <Filter>Header Files\Math</Filter>
    </ClInclude>
    <ClInclude Include="src\NodeFactory2D.h">
      <Filter>Source Files</Filter>
    </ClInclude>
    <ClInclude Include="src\NodeFactory3D.h">
      <Filter>Source Files</Filter>
    </ClInclude>
    <ClInclude Include="inc\INode.h">
      <Filter>Header Files</Filter>
    </ClInclude>
    <ClInclude Include="inc\List.h">
      <Filter>Header Files</Filter>
    </ClInclude>
    <ClInclude Include="inc\IIterator.h">
      <Filter>Header Files</Filter>
    </ClInclude>
    <ClInclude Include="src\ListVector.h">
      <Filter>Source Files</Filter>
    </ClInclude>
    <ClInclude Include="src\ListLinked.h">
      <Filter>Source Files</Filter>
    </ClInclude>
    <ClInclude Include="inc\IteratorListLinked.h">
      <Filter>Header Files</Filter>
    </ClInclude>
    <ClInclude Include="inc\IteratorListVector.h">
      <Filter>Header Files</Filter>
    </ClInclude>
    <ClInclude Include="inc\ListFactory.h">
      <Filter>Header Files</Filter>
    </ClInclude>
    <ClInclude Include="inc\ListLinked.h">
      <Filter>Header Files</Filter>
    </ClInclude>
    <ClInclude Include="inc\ListVector.h">
      <Filter>Header Files</Filter>
    </ClInclude>
    <ClInclude Include="inc\Math\Math.h">
      <Filter>Header Files\Math</Filter>
    </ClInclude>
    <ClInclude Include="inc\Math\Epsilon.h">
      <Filter>Header Files\Math</Filter>
    </ClInclude>
    <ClInclude Include="inc\Node.h">
      <Filter>Header Files</Filter>
    </ClInclude>
    <ClInclude Include="inc\Math\Vector3D.h">
      <Filter>Header Files\Math</Filter>
    </ClInclude>
    <ClInclude Include="inc\ITimer.h">
      <Filter>Header Files</Filter>
    </ClInclude>
    <ClInclude Include="inc\ITime.h">
      <Filter>Header Files</Filter>
    </ClInclude>
    <ClInclude Include="src\TimerChrono.h">
      <Filter>Source Files</Filter>
    </ClInclude>
    <ClInclude Include="src\TimeConcrete.h">
      <Filter>Header Files</Filter>
    </ClInclude>
    <ClInclude Include="inc\IFPSCounter.h">
      <Filter>Header Files</Filter>
    </ClInclude>
    <ClInclude Include="src\FPSCounterConcrete.h">
      <Filter>Header Files</Filter>
    </ClInclude>
    <ClInclude Include="inc\LckPrim.h">
      <Filter>Header Files</Filter>
    </ClInclude>
    <ClInclude Include="src\SDLRenderer.hpp">
      <Filter>Source Files</Filter>
    </ClInclude>
    <ClInclude Include="inc\IMainGameLoop.hpp">
      <Filter>Header Files</Filter>
    </ClInclude>
  </ItemGroup>
  <ItemGroup>
    <ClCompile Include="src\ConsoleUtilities.cpp">
      <Filter>Source Files</Filter>
    </ClCompile>
    <ClCompile Include="src\Visible.cpp">
      <Filter>Source Files</Filter>
    </ClCompile>
    <ClCompile Include="src\MyString.cpp">
      <Filter>Source Files</Filter>
    </ClCompile>
    <ClCompile Include="src\Size.cpp">
      <Filter>Source Files</Filter>
    </ClCompile>
    <ClCompile Include="src\Path.cpp">
      <Filter>Source Files</Filter>
    </ClCompile>
    <ClCompile Include="src\Engine.cpp">
      <Filter>Source Files</Filter>
    </ClCompile>
    <ClCompile Include="src\File.cpp">
      <Filter>Source Files</Filter>
    </ClCompile>
    <ClCompile Include="src\Frustum.cpp">
      <Filter>Source Files</Filter>
    </ClCompile>
    <ClCompile Include="src\IKey.cpp">
      <Filter>Source Files</Filter>
    </ClCompile>
    <ClCompile Include="src\IKeyboardObservable.cpp">
      <Filter>Source Files</Filter>
    </ClCompile>
    <ClCompile Include="src\IKeyboardObservableImp.cpp">
      <Filter>Source Files</Filter>
    </ClCompile>
    <ClCompile Include="src\IKeyboardObserver.cpp">
      <Filter>Source Files</Filter>
    </ClCompile>
    <ClCompile Include="src\IMogeApp.cpp">
      <Filter>Source Files</Filter>
    </ClCompile>
    <ClCompile Include="src\INodeCreator.cpp">
      <Filter>Source Files</Filter>
    </ClCompile>
    <ClCompile Include="src\IObservable.cpp">
      <Filter>Source Files</Filter>
    </ClCompile>
    <ClCompile Include="src\IObservableData.cpp">
      <Filter>Source Files</Filter>
    </ClCompile>
    <ClCompile Include="src\IObservableImpl.cpp">
      <Filter>Source Files</Filter>
    </ClCompile>
    <ClCompile Include="src\IPositionFactory.cpp">
      <Filter>Source Files</Filter>
    </ClCompile>
    <ClCompile Include="src\IRenderable.cpp">
      <Filter>Source Files</Filter>
    </ClCompile>
    <ClCompile Include="src\IRenderer.cpp">
      <Filter>Source Files</Filter>
    </ClCompile>
    <ClCompile Include="src\ITexture.cpp">
      <Filter>Source Files</Filter>
    </ClCompile>
    <ClCompile Include="src\IVector3D.cpp">
      <Filter>Source Files</Filter>
    </ClCompile>
    <ClCompile Include="src\KeyboardData.cpp">
      <Filter>Source Files</Filter>
    </ClCompile>
    <ClCompile Include="src\KeySDL.cpp">
      <Filter>Source Files</Filter>
    </ClCompile>
    <ClCompile Include="src\Line.cpp">
      <Filter>Source Files</Filter>
    </ClCompile>
    <ClCompile Include="src\MogeLibMain.cpp">
      <Filter>Source Files</Filter>
    </ClCompile>
    <ClCompile Include="src\MultiPointFactory.cpp">
      <Filter>Source Files</Filter>
    </ClCompile>
    <ClCompile Include="src\Named.cpp">
      <Filter>Source Files</Filter>
    </ClCompile>
    <ClCompile Include="src\PositionDouble3D.cpp">
      <Filter>Source Files</Filter>
    </ClCompile>
    <ClCompile Include="src\Quaternion.cpp">
      <Filter>Source Files</Filter>
    </ClCompile>
    <ClCompile Include="src\Rectangle.cpp">
      <Filter>Source Files</Filter>
    </ClCompile>
    <ClCompile Include="src\Scale.cpp">
      <Filter>Source Files</Filter>
    </ClCompile>
    <ClCompile Include="src\SDLRenderer.cpp">
      <Filter>Source Files</Filter>
    </ClCompile>
    <ClCompile Include="src\Singleton.cpp">
      <Filter>Source Files</Filter>
    </ClCompile>
    <ClCompile Include="src\SizeDouble3D.cpp">
      <Filter>Source Files</Filter>
    </ClCompile>
    <ClCompile Include="src\Vector3DFactory.cpp">
      <Filter>Source Files</Filter>
    </ClCompile>
    <ClCompile Include="src\TextureSDL.cpp">
      <Filter>Source Files</Filter>
    </ClCompile>
    <ClCompile Include="src\RenderableSDLTexture.cpp">
      <Filter>Source Files</Filter>
    </ClCompile>
    <ClCompile Include="src\PositionDouble2D.cpp">
      <Filter>Source Files</Filter>
    </ClCompile>
    <ClCompile Include="src\SizeDouble2D.cpp">
      <Filter>Source Files</Filter>
    </ClCompile>
    <ClCompile Include="src\NodeFactory2D.cpp">
      <Filter>Source Files</Filter>
    </ClCompile>
    <ClCompile Include="src\NodeFactory3D.cpp">
      <Filter>Source Files</Filter>
    </ClCompile>
    <ClCompile Include="src\INode.cpp">
      <Filter>Source Files</Filter>
    </ClCompile>
    <ClCompile Include="src\Iterator.cpp">
      <Filter>Source Files</Filter>
    </ClCompile>
    <ClCompile Include="src\Node.cpp">
      <Filter>Source Files</Filter>
    </ClCompile>
    <ClCompile Include="src\ITimer.cpp">
      <Filter>Source Files</Filter>
    </ClCompile>
    <ClCompile Include="src\ITime.cpp">
      <Filter>Source Files</Filter>
    </ClCompile>
    <ClCompile Include="src\TimerChrono.cpp">
      <Filter>Source Files</Filter>
    </ClCompile>
    <ClCompile Include="src\ListFactory.cpp">
      <Filter>Source Files</Filter>
    </ClCompile>
    <ClCompile Include="src\TimeConcrete.cpp">
      <Filter>Source Files</Filter>
    </ClCompile>
    <ClCompile Include="src\IFPSCounter.cpp">
      <Filter>Source Files</Filter>
    </ClCompile>
    <ClCompile Include="src\FPSCounterConcrete.cpp">
      <Filter>Source Files</Filter>
    </ClCompile>
  </ItemGroup>
</Project>