<?xml version="1.0" encoding="utf-8"?>
<Project ToolsVersion="4.0" xmlns="http://schemas.microsoft.com/developer/msbuild/2003">
  <ItemGroup>
    <Filter Include="ConfigurationFiles">
      <UniqueIdentifier>{cf432c3e-b62d-4d8e-a15d-f56e0937d0a9}</UniqueIdentifier>
    </Filter>
    <Filter Include="Pictures">
      <UniqueIdentifier>{f3f68a2d-b593-4858-ac2e-97a8d3dfdb50}</UniqueIdentifier>
    </Filter>
    <Filter Include="ExternalLibrary">
      <UniqueIdentifier>{c660a021-0ce1-49dc-a30e-66965013b2da}</UniqueIdentifier>
    </Filter>
    <Filter Include="Header Files">
      <UniqueIdentifier>{50823707-2168-40f1-8d96-560c10cc39de}</UniqueIdentifier>
    </Filter>
    <Filter Include="Source Files">
      <UniqueIdentifier>{757cbe23-1dc0-47a3-8204-088d10307f7f}</UniqueIdentifier>
    </Filter>
  </ItemGroup>
  <ItemGroup>
    <Text Include="ReadMe.txt" />
  </ItemGroup>
  <ItemGroup>
    <ClInclude Include="inc\Brick.h">
      <Filter>Header Files</Filter>
    </ClInclude>
    <ClInclude Include="inc\BrickFactory.h">
      <Filter>Header Files</Filter>
    </ClInclude>
    <ClInclude Include="inc\Game.h">
      <Filter>Header Files</Filter>
    </ClInclude>
    <ClInclude Include="inc\MainGrid.h">
      <Filter>Header Files</Filter>
    </ClInclude>
    <ClInclude Include="inc\Slab.h">
      <Filter>Header Files</Filter>
    </ClInclude>
    <ClInclude Include="inc\TableCoordinates.h">
      <Filter>Header Files</Filter>
    </ClInclude>
    <ClInclude Include="inc\ViewData.hpp">
      <Filter>Header Files</Filter>
    </ClInclude>
    <ClInclude Include="inc\BasicTypedefs.hpp">
      <Filter>Header Files</Filter>
    </ClInclude>
  </ItemGroup>
  <ItemGroup>
    <ClCompile Include="main.cpp" />
    <ClCompile Include="src\Brick.cpp">
      <Filter>Source Files</Filter>
    </ClCompile>
    <ClCompile Include="src\BrickFactory.cpp">
      <Filter>Source Files</Filter>
    </ClCompile>
    <ClCompile Include="src\Game.cpp">
      <Filter>Source Files</Filter>
    </ClCompile>
    <ClCompile Include="src\MainGrid.cpp">
      <Filter>Source Files</Filter>
    </ClCompile>
    <ClCompile Include="src\Slab.cpp">
      <Filter>Source Files</Filter>
    </ClCompile>
    <ClCompile Include="src\TableCoordinates.cpp">
      <Filter>Source Files</Filter>
    </ClCompile>
    <ClCompile Include="src\ViewData.cpp">
      <Filter>Source Files</Filter>
    </ClCompile>
  </ItemGroup>
  <ItemGroup>
    <None Include="..\Debug\SDL.dll">
      <Filter>ExternalLibrary</Filter>
    </None>
  </ItemGroup>
  <ItemGroup>
    <Image Include="..\pic\Block.bmp">
      <Filter>Pictures</Filter>
    </Image>
    <Image Include="..\pic\BackGroundBlock.bmp">
      <Filter>Pictures</Filter>
    </Image>
    <Image Include="..\pic\ButtonQuit.bmp">
      <Filter>Pictures</Filter>
    </Image>
  </ItemGroup>
</Project>