<?xml version="1.0" encoding="utf-8"?>
<Project ToolsVersion="4.0" xmlns="http://schemas.microsoft.com/developer/msbuild/2003">
  <ItemGroup>
    <Filter Include="Source Files">
      <UniqueIdentifier>{4FC737F1-C7A5-4376-A066-2A32D752A2FF}</UniqueIdentifier>
      <Extensions>cpp;c;cc;cxx;def;odl;idl;hpj;bat;asm;asmx</Extensions>
    </Filter>
    <Filter Include="Header Files">
      <UniqueIdentifier>{93995380-89BD-4b04-88EB-625FBE52EBFB}</UniqueIdentifier>
      <Extensions>h;hh;hpp;hxx;hm;inl;inc;xsd</Extensions>
    </Filter>
    <Filter Include="Resource Files">
      <UniqueIdentifier>{67DA6AB6-F800-4c08-8B7A-83BB121AAD01}</UniqueIdentifier>
      <Extensions>rc;ico;cur;bmp;dlg;rc2;rct;bin;rgs;gif;jpg;jpeg;jpe;resx;tiff;tif;png;wav;mfcribbon-ms</Extensions>
    </Filter>
    <Filter Include="Generic">
      <UniqueIdentifier>{4e3742ae-c784-482f-a685-ea03503fea05}</UniqueIdentifier>
    </Filter>
    <Filter Include="FileSystem">
      <UniqueIdentifier>{1b2e731d-422c-4a40-85e3-37717afe3dd1}</UniqueIdentifier>
    </Filter>
    <Filter Include="Node">
      <UniqueIdentifier>{39f3cf1a-97b0-402e-b7f9-fbf7b771ed6c}</UniqueIdentifier>
    </Filter>
  </ItemGroup>
  <ItemGroup>
    <ClCompile Include="main.cpp">
      <Filter>Source Files</Filter>
    </ClCompile>
    <ClCompile Include="src\MogeGenericTests.cpp">
      <Filter>Generic</Filter>
    </ClCompile>
    <ClCompile Include="src\FilesystemTests.cpp">
      <Filter>FileSystem</Filter>
    </ClCompile>
    <ClCompile Include="src\NodeTests.cpp">
      <Filter>Node</Filter>
    </ClCompile>
  </ItemGroup>
  <ItemGroup>
    <ClInclude Include="inc\MogeGenericTests.h">
      <Filter>Generic</Filter>
    </ClInclude>
    <ClInclude Include="inc\FilesystemTests.h">
      <Filter>FileSystem</Filter>
    </ClInclude>
    <ClInclude Include="inc\NodeTests.h">
      <Filter>Node</Filter>
    </ClInclude>
  </ItemGroup>
</Project>